
Microsoft Visual Studio Solution File, Format Version 12.00
# Visual Studio Version 16
VisualStudioVersion = 16.0.31515.178
MinimumVisualStudioVersion = 10.0.40219.1
Project("{FAE04EC0-301F-11D3-BF4B-00C04F79EFBC}") = "methodClass", "methodClass.csproj", "{EF010D3F-0CC7-4398-B4AA-7A8F1E442633}"
EndProject
Global
	GlobalSection(SolutionConfigurationPlatforms) = preSolution
		Debug|Any CPU = Debug|Any CPU
		Release|Any CPU = Release|Any CPU
	EndGlobalSection
	GlobalSection(ProjectConfigurationPlatforms) = postSolution
		{EF010D3F-0CC7-4398-B4AA-7A8F1E442633}.Debug|Any CPU.ActiveCfg = Debug|Any CPU
		{EF010D3F-0CC7-4398-B4AA-7A8F1E442633}.Debug|Any CPU.Build.0 = Debug|Any CPU
		{EF010D3F-0CC7-4398-B4AA-7A8F1E442633}.Release|Any CPU.ActiveCfg = Release|Any CPU
		{EF010D3F-0CC7-4398-B4AA-7A8F1E442633}.Release|Any CPU.Build.0 = Release|Any CPU
	EndGlobalSection
	GlobalSection(SolutionProperties) = preSolution
		HideSolutionNode = FALSE
	EndGlobalSection
	GlobalSection(ExtensibilityGlobals) = postSolution
		SolutionGuid = {BFD5D1A1-B7B1-4968-A04A-95EB485024C0}
	EndGlobalSection
EndGlobal
