
Microsoft Visual Studio Solution File, Format Version 12.00
# Visual Studio Version 16
VisualStudioVersion = 16.0.31515.178
MinimumVisualStudioVersion = 10.0.40219.1
Project("{FAE04EC0-301F-11D3-BF4B-00C04F79EFBC}") = "Itterations", "Itterations.csproj", "{832D9D7C-4497-44E7-813C-2B7FECBCDCBF}"
EndProject
Global
	GlobalSection(SolutionConfigurationPlatforms) = preSolution
		Debug|Any CPU = Debug|Any CPU
		Release|Any CPU = Release|Any CPU
	EndGlobalSection
	GlobalSection(ProjectConfigurationPlatforms) = postSolution
		{832D9D7C-4497-44E7-813C-2B7FECBCDCBF}.Debug|Any CPU.ActiveCfg = Debug|Any CPU
		{832D9D7C-4497-44E7-813C-2B7FECBCDCBF}.Debug|Any CPU.Build.0 = Debug|Any CPU
		{832D9D7C-4497-44E7-813C-2B7FECBCDCBF}.Release|Any CPU.ActiveCfg = Release|Any CPU
		{832D9D7C-4497-44E7-813C-2B7FECBCDCBF}.Release|Any CPU.Build.0 = Release|Any CPU
	EndGlobalSection
	GlobalSection(SolutionProperties) = preSolution
		HideSolutionNode = FALSE
	EndGlobalSection
	GlobalSection(ExtensibilityGlobals) = postSolution
		SolutionGuid = {0BF7C22B-1F50-45D2-8BEE-D56E8B6BC80A}
	EndGlobalSection
EndGlobal
